<?xml version="1.0" encoding="utf-8"?>
<Project ToolsVersion="4.0" xmlns="http://schemas.microsoft.com/developer/msbuild/2003">
  <ItemGroup>
    <Filter Include="Headers">
      <UniqueIdentifier>{93995380-89BD-4b04-88EB-625FBE52EBFB}</UniqueIdentifier>
      <Extensions>h;hh;hpp;hxx;hm;inl;inc;xsd</Extensions>
    </Filter>
    <Filter Include="Source files">
      <UniqueIdentifier>{4FC737F1-C7A5-4376-A066-2A32D752A2FF}</UniqueIdentifier>
      <Extensions>cpp;c;cc;cxx;def;odl;idl;hpj;bat;asm;asmx</Extensions>
    </Filter>
    <Filter Include="Headers\Scripthook">
      <UniqueIdentifier>{8873cea4-6541-4a6c-a32e-6d036ac7f5ab}</UniqueIdentifier>
    </Filter>
  </ItemGroup>
  <ItemGroup>
    <ClInclude Include="mem.h">
      <Filter>Headers</Filter>
    </ClInclude>
    <ClInclude Include="proc.h">
      <Filter>Headers</Filter>
    </ClInclude>
    <ClInclude Include="global.h">
      <Filter>Headers</Filter>
    </ClInclude>
    <ClInclude Include="menu.h">
      <Filter>Headers</Filter>
    </ClInclude>
    <ClInclude Include="scripthook\main.h">
      <Filter>Headers\Scripthook</Filter>
    </ClInclude>
    <ClInclude Include="scripthook\types.h">
      <Filter>Headers\Scripthook</Filter>
    </ClInclude>
    <ClInclude Include="scripthook\script.h">
      <Filter>Headers\Scripthook</Filter>
    </ClInclude>
    <ClInclude Include="scripthook\natives.h">
      <Filter>Headers\Scripthook</Filter>
    </ClInclude>
    <ClInclude Include="scripthook\nativeCaller.h">
      <Filter>Headers\Scripthook</Filter>
    </ClInclude>
    <ClInclude Include="scripthook\enums.h">
      <Filter>Headers\Scripthook</Filter>
    </ClInclude>
    <ClInclude Include="scripthook\keyboard.h">
      <Filter>Headers\Scripthook</Filter>
    </ClInclude>
  </ItemGroup>
  <ItemGroup>
    <ClCompile Include="dllmain.cpp">
      <Filter>Source files</Filter>
    </ClCompile>
    <ClCompile Include="scripthook\keyboard.cpp">
      <Filter>Source files</Filter>
    </ClCompile>
    <ClCompile Include="script.cpp">
      <Filter>Source files</Filter>
    </ClCompile>
    <ClCompile Include="mem.cpp">
      <Filter>Source files</Filter>
    </ClCompile>
    <ClCompile Include="proc.cpp">
      <Filter>Source files</Filter>
    </ClCompile>
  </ItemGroup>
  <ItemGroup>
    <Library Include="lib\ScriptHook.lib" />
  </ItemGroup>
</Project>